{
  "version": 4,
  "terraform_version": "0.12.26",
  "serial": 245,
  "lineage": "91eaa245-b778-20e4-8b19-32c4a5ab8dfb",
  "outputs": {
    "myosip": {
      "value": "13.232.39.166",
      "type": "string"
    }
  },
  "resources": [
    {
      "mode": "managed",
      "type": "aws_cloudfront_distribution",
      "name": "s3_distribution",
      "provider": "provider.aws",
      "instances": []
    },
    {
      "mode": "managed",
      "type": "aws_ebs_volume",
      "name": "EBS_1",
      "provider": "provider.aws",
      "instances": [
        {
          "schema_version": 0,
          "attributes": {
            "arn": "arn:aws:ec2:ap-south-1:177252014267:volume/vol-032fffaee03521063",
            "availability_zone": "ap-south-1b",
            "encrypted": false,
            "id": "vol-032fffaee03521063",
            "iops": 100,
            "kms_key_id": "",
            "multi_attach_enabled": false,
            "outpost_arn": "",
            "size": 1,
            "snapshot_id": "",
            "tags": {
              "Name": "EBS_1"
            },
            "type": "gp2"
          },
          "private": "bnVsbA==",
          "dependencies": [
            "aws_instance.my_os_1"
          ]
        }
      ]
    },
    {
      "mode": "managed",
      "type": "aws_instance",
      "name": "my_os_1",
      "provider": "provider.aws",
      "instances": [
        {
          "schema_version": 1,
          "attributes": {
            "ami": "ami-0447a12f28fddb066",
            "arn": "arn:aws:ec2:ap-south-1:177252014267:instance/i-066e20665cfeffec9",
            "associate_public_ip_address": true,
            "availability_zone": "ap-south-1b",
            "cpu_core_count": 1,
            "cpu_threads_per_core": 1,
            "credit_specification": [
              {
                "cpu_credits": "standard"
              }
            ],
            "disable_api_termination": false,
            "ebs_block_device": [],
            "ebs_optimized": false,
            "ephemeral_block_device": [],
            "get_password_data": false,
            "hibernation": false,
            "host_id": null,
            "iam_instance_profile": "",
            "id": "i-066e20665cfeffec9",
            "instance_initiated_shutdown_behavior": null,
            "instance_state": "running",
            "instance_type": "t2.micro",
            "ipv6_address_count": 0,
            "ipv6_addresses": [],
            "key_name": "ec2_terra_key",
            "metadata_options": [
              {
                "http_endpoint": "enabled",
                "http_put_response_hop_limit": 1,
                "http_tokens": "optional"
              }
            ],
            "monitoring": false,
            "network_interface": [],
            "network_interface_id": null,
            "outpost_arn": "",
            "password_data": "",
            "placement_group": "",
            "primary_network_interface_id": "eni-04f0a3d619f246ddb",
            "private_dns": "ip-172-31-3-44.ap-south-1.compute.internal",
            "private_ip": "172.31.3.44",
            "public_dns": "ec2-13-232-39-166.ap-south-1.compute.amazonaws.com",
            "public_ip": "13.232.39.166",
            "root_block_device": [
              {
                "delete_on_termination": true,
                "device_name": "/dev/xvda",
                "encrypted": false,
                "iops": 100,
                "kms_key_id": "",
                "volume_id": "vol-047ee2c9979145c3e",
                "volume_size": 8,
                "volume_type": "gp2"
              }
            ],
            "security_groups": [
              "SG_allow_http_ssh"
            ],
            "source_dest_check": true,
            "subnet_id": "subnet-923d56de",
            "tags": {
              "Name": "first_terraform_os"
            },
            "tenancy": "default",
            "timeouts": null,
            "user_data": null,
            "user_data_base64": null,
            "volume_tags": {},
            "vpc_security_group_ids": [
              "sg-0a521883762017e5a"
            ]
          },
          "private": "eyJlMmJmYjczMC1lY2FhLTExZTYtOGY4OC0zNDM2M2JjN2M0YzAiOnsiY3JlYXRlIjo2MDAwMDAwMDAwMDAsImRlbGV0ZSI6MTIwMDAwMDAwMDAwMCwidXBkYXRlIjo2MDAwMDAwMDAwMDB9LCJzY2hlbWFfdmVyc2lvbiI6IjEifQ=="
        }
      ]
    },
    {
      "mode": "managed",
      "type": "aws_key_pair",
      "name": "ec2_terra_key",
      "provider": "provider.aws",
      "instances": [
        {
          "schema_version": 1,
          "attributes": {
            "fingerprint": "d2:f9:1a:4a:8d:14:bc:ba:ef:2a:0f:d1:39:17:af:86",
            "id": "ec2_terra_key",
            "key_name": "ec2_terra_key",
            "key_name_prefix": null,
            "key_pair_id": "key-03fa4db473bf8de4e",
            "public_key": "ssh-rsa AAAAB3NzaC1yc2EAAAADAQABAAABgQCqZnWQLhs8bv1ksCWHKHU8ndKNfY/fuo/r0kjr5F1xf33kRe5JAEIxvK1IYL+2SZmZ8hh+qd/X+oXU82S588JuIJwUFXBdY1aFmqNldFAqIYgd3tEgaohgXR2uXBkk+g9l+b+gRV/ftP/JBuohhS2HczJ4oWR0TxWqGSzj3PLy9LS+87mWbscC3kJ4gLwRjcpmbLAX0U5AYYgGpytcuZ8hFSu9T7L8UEu3Aeq0ANDYzb8uAHuLcUTNZGITR01aTKbvIU8lI6/cwhertigPlEXhPg/nK7K04BIGh1hhbRjcVV7EfJczKOjOfVT3zBZCrEAckHyNzQtVenZbSZgBTmhcYrARA1px4ZP+21T4xYycIT25XW7x/lGEiFMO52AzEybWMYslW+OugaCjvAHX7QxANvPJYrnksCc3L2cLRz/n+a+Q+731vjJ20uYTV+gsNGCUoo/IZr1g4IYUetyHFwGNGfwoXEMoG+rLAg82nKLR1VqqJKtD892y/4rv/M+Xkdc= deokar@PARTH",
            "tags": null
          },
          "private": "eyJzY2hlbWFfdmVyc2lvbiI6IjEifQ=="
        }
      ]
    },
    {
      "mode": "managed",
      "type": "aws_s3_bucket",
      "name": "parth_s3_bucket",
      "provider": "provider.aws",
      "instances": [
        {
          "schema_version": 0,
          "attributes": {
            "acceleration_status": "",
            "acl": "public-read",
            "arn": "arn:aws:s3:::mybucket987654321",
            "bucket": "mybucket987654321",
            "bucket_domain_name": "mybucket987654321.s3.amazonaws.com",
            "bucket_prefix": null,
            "bucket_regional_domain_name": "mybucket987654321.s3.ap-south-1.amazonaws.com",
            "cors_rule": [],
            "force_destroy": false,
            "grant": [],
            "hosted_zone_id": "Z11RGJOFQNVJUP",
            "id": "mybucket987654321",
            "lifecycle_rule": [],
            "logging": [],
            "object_lock_configuration": [],
            "policy": null,
            "region": "ap-south-1",
            "replication_configuration": [],
            "request_payer": "BucketOwner",
            "server_side_encryption_configuration": [],
            "tags": {
              "Name": "mybucket987654321"
            },
            "versioning": [
              {
                "enabled": false,
                "mfa_delete": false
              }
            ],
            "website": [],
            "website_domain": null,
            "website_endpoint": null
          },
          "private": "bnVsbA=="
        }
      ]
    },
    {
      "mode": "managed",
      "type": "aws_security_group",
      "name": "SG_allow_http_ssh",
      "provider": "provider.aws",
      "instances": [
        {
          "schema_version": 1,
          "attributes": {
            "arn": "arn:aws:ec2:ap-south-1:177252014267:security-group/sg-0a521883762017e5a",
            "description": "Managed by Terraform",
            "egress": [
              {
                "cidr_blocks": [
                  "0.0.0.0/0"
                ],
                "description": "",
                "from_port": 0,
                "ipv6_cidr_blocks": [],
                "prefix_list_ids": [],
                "protocol": "-1",
                "security_groups": [],
                "self": false,
                "to_port": 0
              }
            ],
            "id": "sg-0a521883762017e5a",
            "ingress": [
              {
                "cidr_blocks": [
                  "0.0.0.0/0"
                ],
                "description": "http",
                "from_port": 80,
                "ipv6_cidr_blocks": [],
                "prefix_list_ids": [],
                "protocol": "tcp",
                "security_groups": [],
                "self": false,
                "to_port": 80
              },
              {
                "cidr_blocks": [
                  "0.0.0.0/0"
                ],
                "description": "ssh",
                "from_port": 22,
                "ipv6_cidr_blocks": [],
                "prefix_list_ids": [],
                "protocol": "tcp",
                "security_groups": [],
                "self": false,
                "to_port": 22
              }
            ],
            "name": "SG_allow_http_ssh",
            "name_prefix": null,
            "owner_id": "177252014267",
            "revoke_rules_on_delete": false,
            "tags": {
              "Name": "SG_allow_http_and_ssh"
            },
            "timeouts": null,
            "vpc_id": "vpc-a9fae7c1"
          },
          "private": "eyJlMmJmYjczMC1lY2FhLTExZTYtOGY4OC0zNDM2M2JjN2M0YzAiOnsiY3JlYXRlIjo2MDAwMDAwMDAwMDAsImRlbGV0ZSI6NjAwMDAwMDAwMDAwfSwic2NoZW1hX3ZlcnNpb24iOiIxIn0="
        }
      ]
    },
    {
      "mode": "managed",
      "type": "aws_volume_attachment",
      "name": "ebs_att",
      "provider": "provider.aws",
      "instances": [
        {
          "schema_version": 0,
          "attributes": {
            "device_name": "/dev/sdh",
            "force_detach": true,
            "id": "vai-141851439",
            "instance_id": "i-066e20665cfeffec9",
            "skip_destroy": null,
            "volume_id": "vol-032fffaee03521063"
          },
          "private": "bnVsbA==",
          "dependencies": [
            "aws_ebs_volume.EBS_1",
            "aws_instance.my_os_1"
          ]
        }
      ]
    },
    {
      "mode": "managed",
      "type": "null_resource",
      "name": "null_1",
      "provider": "provider.null",
      "instances": [
        {
          "schema_version": 0,
          "attributes": {
            "id": "4605672806512057036",
            "triggers": null
          },
          "private": "bnVsbA==",
          "dependencies": [
            "aws_ebs_volume.EBS_1",
            "aws_instance.my_os_1",
            "aws_volume_attachment.ebs_att"
          ]
        }
      ]
    },
    {
      "mode": "managed",
      "type": "null_resource",
      "name": "null_2",
      "provider": "provider.null",
      "instances": [
        {
          "schema_version": 0,
          "attributes": {
            "id": "4302160940437053283",
            "triggers": null
          },
          "private": "bnVsbA==",
          "dependencies": [
            "aws_instance.my_os_1"
          ]
        }
      ]
    }
  ]
}
